
Microsoft Visual Studio Solution File, Format Version 12.00
# Visual Studio Version 17
VisualStudioVersion = 17.14.36221.1
MinimumVisualStudioVersion = 10.0.40219.1
Project("{FAE04EC0-301F-11D3-BF4B-00C04F79EFBC}") = "EduCloud-v42", "EduCloud-v42\EduCloud-v42.csproj", "{A40D4A5B-3C9A-4F29-88C4-A6685E79B7FD}"
EndProject
Project("{FAE04EC0-301F-11D3-BF4B-00C04F79EFBC}") = "EduCloud_v42.Tests", "EduCloud_v42.Tests\EduCloud_v42.Tests.csproj", "{CCEBAB4C-54A4-42B0-8C10-865A1A200D11}"
EndProject
Global
	GlobalSection(SolutionConfigurationPlatforms) = preSolution
		Debug|Any CPU = Debug|Any CPU
		Debug|x64 = Debug|x64
		Debug|x86 = Debug|x86
		Release|Any CPU = Release|Any CPU
		Release|x64 = Release|x64
		Release|x86 = Release|x86
	EndGlobalSection
	GlobalSection(ProjectConfigurationPlatforms) = postSolution
		{A40D4A5B-3C9A-4F29-88C4-A6685E79B7FD}.Debug|Any CPU.ActiveCfg = Debug|Any CPU
		{A40D4A5B-3C9A-4F29-88C4-A6685E79B7FD}.Debug|Any CPU.Build.0 = Debug|Any CPU
		{A40D4A5B-3C9A-4F29-88C4-A6685E79B7FD}.Debug|x64.ActiveCfg = Debug|Any CPU
		{A40D4A5B-3C9A-4F29-88C4-A6685E79B7FD}.Debug|x64.Build.0 = Debug|Any CPU
		{A40D4A5B-3C9A-4F29-88C4-A6685E79B7FD}.Debug|x86.ActiveCfg = Debug|Any CPU
		{A40D4A5B-3C9A-4F29-88C4-A6685E79B7FD}.Debug|x86.Build.0 = Debug|Any CPU
		{A40D4A5B-3C9A-4F29-88C4-A6685E79B7FD}.Release|Any CPU.ActiveCfg = Release|Any CPU
		{A40D4A5B-3C9A-4F29-88C4-A6685E79B7FD}.Release|Any CPU.Build.0 = Release|Any CPU
		{A40D4A5B-3C9A-4F29-88C4-A6685E79B7FD}.Release|x64.ActiveCfg = Release|Any CPU
		{A40D4A5B-3C9A-4F29-88C4-A6685E79B7FD}.Release|x64.Build.0 = Release|Any CPU
		{A40D4A5B-3C9A-4F29-88C4-A6685E79B7FD}.Release|x86.ActiveCfg = Release|Any CPU
		{A40D4A5B-3C9A-4F29-88C4-A6685E79B7FD}.Release|x86.Build.0 = Release|Any CPU
		{CCEBAB4C-54A4-42B0-8C10-865A1A200D11}.Debug|Any CPU.ActiveCfg = Debug|Any CPU
		{CCEBAB4C-54A4-42B0-8C10-865A1A200D11}.Debug|Any CPU.Build.0 = Debug|Any CPU
		{CCEBAB4C-54A4-42B0-8C10-865A1A200D11}.Debug|x64.ActiveCfg = Debug|Any CPU
		{CCEBAB4C-54A4-42B0-8C10-865A1A200D11}.Debug|x64.Build.0 = Debug|Any CPU
		{CCEBAB4C-54A4-42B0-8C10-865A1A200D11}.Debug|x86.ActiveCfg = Debug|Any CPU
		{CCEBAB4C-54A4-42B0-8C10-865A1A200D11}.Debug|x86.Build.0 = Debug|Any CPU
		{CCEBAB4C-54A4-42B0-8C10-865A1A200D11}.Release|Any CPU.ActiveCfg = Release|Any CPU
		{CCEBAB4C-54A4-42B0-8C10-865A1A200D11}.Release|Any CPU.Build.0 = Release|Any CPU
		{CCEBAB4C-54A4-42B0-8C10-865A1A200D11}.Release|x64.ActiveCfg = Release|Any CPU
		{CCEBAB4C-54A4-42B0-8C10-865A1A200D11}.Release|x64.Build.0 = Release|Any CPU
		{CCEBAB4C-54A4-42B0-8C10-865A1A200D11}.Release|x86.ActiveCfg = Release|Any CPU
		{CCEBAB4C-54A4-42B0-8C10-865A1A200D11}.Release|x86.Build.0 = Release|Any CPU
	EndGlobalSection
	GlobalSection(SolutionProperties) = preSolution
		HideSolutionNode = FALSE
	EndGlobalSection
	GlobalSection(ExtensibilityGlobals) = postSolution
		SolutionGuid = {4376B670-F070-4B88-A929-2578F258CA0C}
	EndGlobalSection
EndGlobal
